
Microsoft Visual Studio Solution File, Format Version 12.00
# Visual Studio Version 17
VisualStudioVersion = 17.3.32901.215
MinimumVisualStudioVersion = 10.0.40219.1
Project("{9A19103F-16F7-4668-BE54-9A1E7A4F7556}") = "RCL.Core.Api.Authorization", "RCL.Core.Api.Authorization\RCL.Core.Api.Authorization.csproj", "{CD0AC956-03FF-4207-9AB2-7EB66CC5BD9A}"
EndProject
Global
	GlobalSection(SolutionConfigurationPlatforms) = preSolution
		Debug|Any CPU = Debug|Any CPU
		Release|Any CPU = Release|Any CPU
	EndGlobalSection
	GlobalSection(ProjectConfigurationPlatforms) = postSolution
		{CD0AC956-03FF-4207-9AB2-7EB66CC5BD9A}.Debug|Any CPU.ActiveCfg = Debug|Any CPU
		{CD0AC956-03FF-4207-9AB2-7EB66CC5BD9A}.Debug|Any CPU.Build.0 = Debug|Any CPU
		{CD0AC956-03FF-4207-9AB2-7EB66CC5BD9A}.Release|Any CPU.ActiveCfg = Release|Any CPU
		{CD0AC956-03FF-4207-9AB2-7EB66CC5BD9A}.Release|Any CPU.Build.0 = Release|Any CPU
	EndGlobalSection
	GlobalSection(SolutionProperties) = preSolution
		HideSolutionNode = FALSE
	EndGlobalSection
	GlobalSection(ExtensibilityGlobals) = postSolution
		SolutionGuid = {C6520024-3905-45A6-8AEE-B53A69164093}
	EndGlobalSection
EndGlobal
